
Microsoft Visual Studio Solution File, Format Version 12.00
# Visual Studio Version 17
VisualStudioVersion = 17.3.32825.248
MinimumVisualStudioVersion = 10.0.40219.1
Project("{FAE04EC0-301F-11D3-BF4B-00C04F79EFBC}") = "AG", "AG\AG.csproj", "{43F819F1-801B-4C35-95B4-7E1FFB3D1447}"
EndProject
Global
	GlobalSection(SolutionConfigurationPlatforms) = preSolution
		Debug|Any CPU = Debug|Any CPU
		Release|Any CPU = Release|Any CPU
	EndGlobalSection
	GlobalSection(ProjectConfigurationPlatforms) = postSolution
		{43F819F1-801B-4C35-95B4-7E1FFB3D1447}.Debug|Any CPU.ActiveCfg = Debug|Any CPU
		{43F819F1-801B-4C35-95B4-7E1FFB3D1447}.Debug|Any CPU.Build.0 = Debug|Any CPU
		{43F819F1-801B-4C35-95B4-7E1FFB3D1447}.Release|Any CPU.ActiveCfg = Release|Any CPU
		{43F819F1-801B-4C35-95B4-7E1FFB3D1447}.Release|Any CPU.Build.0 = Release|Any CPU
	EndGlobalSection
	GlobalSection(SolutionProperties) = preSolution
		HideSolutionNode = FALSE
	EndGlobalSection
	GlobalSection(ExtensibilityGlobals) = postSolution
		SolutionGuid = {95A9196C-6A55-458F-A320-81D23043BB81}
	EndGlobalSection
EndGlobal
